
Microsoft Visual Studio Solution File, Format Version 12.00
# Visual Studio Version 17
VisualStudioVersion = 17.4.33122.133
MinimumVisualStudioVersion = 10.0.40219.1
Project("{FAE04EC0-301F-11D3-BF4B-00C04F79EFBC}") = "ZolaApp.Android", "ZolaApp.Android\ZolaApp.Android.csproj", "{5D0EAD1D-C9EB-4D74-81A5-C8D893E2C314}"
EndProject
Project("{FAE04EC0-301F-11D3-BF4B-00C04F79EFBC}") = "ZolaApp.iOS", "ZolaApp.iOS\ZolaApp.iOS.csproj", "{AE95225E-1795-431B-9049-A02BE38BAB51}"
EndProject
Project("{9A19103F-16F7-4668-BE54-9A1E7A4F7556}") = "ZolaApp", "ZolaApp\ZolaApp.csproj", "{0787BE53-C71D-40BC-BCE3-F4DBCB2D17EC}"
EndProject
Project("{9A19103F-16F7-4668-BE54-9A1E7A4F7556}") = "WebAPIv2", "..\WebAPIv2\WebAPIv2.csproj", "{58FEC4A1-8013-4EB3-9297-C7C3B1879921}"
EndProject
Project("{FAE04EC0-301F-11D3-BF4B-00C04F79EFBC}") = "ModelShared", "ModelShared\ModelShared.csproj", "{E06D87C7-26BA-45EB-A50F-F07D1D5A8D3F}"
EndProject
Global
	GlobalSection(SolutionConfigurationPlatforms) = preSolution
		Debug|Any CPU = Debug|Any CPU
		Debug|ARM = Debug|ARM
		Debug|iPhone = Debug|iPhone
		Debug|iPhoneSimulator = Debug|iPhoneSimulator
		Debug|x64 = Debug|x64
		Debug|x86 = Debug|x86
		Release|Any CPU = Release|Any CPU
		Release|ARM = Release|ARM
		Release|iPhone = Release|iPhone
		Release|iPhoneSimulator = Release|iPhoneSimulator
		Release|x64 = Release|x64
		Release|x86 = Release|x86
	EndGlobalSection
	GlobalSection(ProjectConfigurationPlatforms) = postSolution
		{5D0EAD1D-C9EB-4D74-81A5-C8D893E2C314}.Debug|Any CPU.ActiveCfg = Debug|Any CPU
		{5D0EAD1D-C9EB-4D74-81A5-C8D893E2C314}.Debug|Any CPU.Build.0 = Debug|Any CPU
		{5D0EAD1D-C9EB-4D74-81A5-C8D893E2C314}.Debug|Any CPU.Deploy.0 = Debug|Any CPU
		{5D0EAD1D-C9EB-4D74-81A5-C8D893E2C314}.Debug|ARM.ActiveCfg = Debug|Any CPU
		{5D0EAD1D-C9EB-4D74-81A5-C8D893E2C314}.Debug|ARM.Build.0 = Debug|Any CPU
		{5D0EAD1D-C9EB-4D74-81A5-C8D893E2C314}.Debug|ARM.Deploy.0 = Debug|Any CPU
		{5D0EAD1D-C9EB-4D74-81A5-C8D893E2C314}.Debug|iPhone.ActiveCfg = Debug|Any CPU
		{5D0EAD1D-C9EB-4D74-81A5-C8D893E2C314}.Debug|iPhone.Build.0 = Debug|Any CPU
		{5D0EAD1D-C9EB-4D74-81A5-C8D893E2C314}.Debug|iPhone.Deploy.0 = Debug|Any CPU
		{5D0EAD1D-C9EB-4D74-81A5-C8D893E2C314}.Debug|iPhoneSimulator.ActiveCfg = Debug|Any CPU
		{5D0EAD1D-C9EB-4D74-81A5-C8D893E2C314}.Debug|iPhoneSimulator.Build.0 = Debug|Any CPU
		{5D0EAD1D-C9EB-4D74-81A5-C8D893E2C314}.Debug|iPhoneSimulator.Deploy.0 = Debug|Any CPU
		{5D0EAD1D-C9EB-4D74-81A5-C8D893E2C314}.Debug|x64.ActiveCfg = Debug|Any CPU
		{5D0EAD1D-C9EB-4D74-81A5-C8D893E2C314}.Debug|x64.Build.0 = Debug|Any CPU
		{5D0EAD1D-C9EB-4D74-81A5-C8D893E2C314}.Debug|x64.Deploy.0 = Debug|Any CPU
		{5D0EAD1D-C9EB-4D74-81A5-C8D893E2C314}.Debug|x86.ActiveCfg = Debug|Any CPU
		{5D0EAD1D-C9EB-4D74-81A5-C8D893E2C314}.Debug|x86.Build.0 = Debug|Any CPU
		{5D0EAD1D-C9EB-4D74-81A5-C8D893E2C314}.Debug|x86.Deploy.0 = Debug|Any CPU
		{5D0EAD1D-C9EB-4D74-81A5-C8D893E2C314}.Release|Any CPU.ActiveCfg = Release|Any CPU
		{5D0EAD1D-C9EB-4D74-81A5-C8D893E2C314}.Release|Any CPU.Build.0 = Release|Any CPU
		{5D0EAD1D-C9EB-4D74-81A5-C8D893E2C314}.Release|Any CPU.Deploy.0 = Release|Any CPU
		{5D0EAD1D-C9EB-4D74-81A5-C8D893E2C314}.Release|ARM.ActiveCfg = Release|Any CPU
		{5D0EAD1D-C9EB-4D74-81A5-C8D893E2C314}.Release|ARM.Build.0 = Release|Any CPU
		{5D0EAD1D-C9EB-4D74-81A5-C8D893E2C314}.Release|ARM.Deploy.0 = Release|Any CPU
		{5D0EAD1D-C9EB-4D74-81A5-C8D893E2C314}.Release|iPhone.ActiveCfg = Release|Any CPU
		{5D0EAD1D-C9EB-4D74-81A5-C8D893E2C314}.Release|iPhone.Build.0 = Release|Any CPU
		{5D0EAD1D-C9EB-4D74-81A5-C8D893E2C314}.Release|iPhone.Deploy.0 = Release|Any CPU
		{5D0EAD1D-C9EB-4D74-81A5-C8D893E2C314}.Release|iPhoneSimulator.ActiveCfg = Release|Any CPU
		{5D0EAD1D-C9EB-4D74-81A5-C8D893E2C314}.Release|iPhoneSimulator.Build.0 = Release|Any CPU
		{5D0EAD1D-C9EB-4D74-81A5-C8D893E2C314}.Release|iPhoneSimulator.Deploy.0 = Release|Any CPU
		{5D0EAD1D-C9EB-4D74-81A5-C8D893E2C314}.Release|x64.ActiveCfg = Release|Any CPU
		{5D0EAD1D-C9EB-4D74-81A5-C8D893E2C314}.Release|x64.Build.0 = Release|Any CPU
		{5D0EAD1D-C9EB-4D74-81A5-C8D893E2C314}.Release|x64.Deploy.0 = Release|Any CPU
		{5D0EAD1D-C9EB-4D74-81A5-C8D893E2C314}.Release|x86.ActiveCfg = Release|Any CPU
		{5D0EAD1D-C9EB-4D74-81A5-C8D893E2C314}.Release|x86.Build.0 = Release|Any CPU
		{5D0EAD1D-C9EB-4D74-81A5-C8D893E2C314}.Release|x86.Deploy.0 = Release|Any CPU
		{AE95225E-1795-431B-9049-A02BE38BAB51}.Debug|Any CPU.ActiveCfg = Debug|iPhoneSimulator
		{AE95225E-1795-431B-9049-A02BE38BAB51}.Debug|Any CPU.Build.0 = Debug|iPhoneSimulator
		{AE95225E-1795-431B-9049-A02BE38BAB51}.Debug|Any CPU.Deploy.0 = Debug|iPhoneSimulator
		{AE95225E-1795-431B-9049-A02BE38BAB51}.Debug|ARM.ActiveCfg = Debug|iPhoneSimulator
		{AE95225E-1795-431B-9049-A02BE38BAB51}.Debug|ARM.Build.0 = Debug|iPhoneSimulator
		{AE95225E-1795-431B-9049-A02BE38BAB51}.Debug|ARM.Deploy.0 = Debug|iPhoneSimulator
		{AE95225E-1795-431B-9049-A02BE38BAB51}.Debug|iPhone.ActiveCfg = Debug|iPhone
		{AE95225E-1795-431B-9049-A02BE38BAB51}.Debug|iPhone.Build.0 = Debug|iPhone
		{AE95225E-1795-431B-9049-A02BE38BAB51}.Debug|iPhone.Deploy.0 = Debug|iPhone
		{AE95225E-1795-431B-9049-A02BE38BAB51}.Debug|iPhoneSimulator.ActiveCfg = Debug|iPhoneSimulator
		{AE95225E-1795-431B-9049-A02BE38BAB51}.Debug|iPhoneSimulator.Build.0 = Debug|iPhoneSimulator
		{AE95225E-1795-431B-9049-A02BE38BAB51}.Debug|iPhoneSimulator.Deploy.0 = Debug|iPhoneSimulator
		{AE95225E-1795-431B-9049-A02BE38BAB51}.Debug|x64.ActiveCfg = Debug|iPhone
		{AE95225E-1795-431B-9049-A02BE38BAB51}.Debug|x64.Build.0 = Debug|iPhone
		{AE95225E-1795-431B-9049-A02BE38BAB51}.Debug|x64.Deploy.0 = Debug|iPhone
		{AE95225E-1795-431B-9049-A02BE38BAB51}.Debug|x86.ActiveCfg = Debug|iPhoneSimulator
		{AE95225E-1795-431B-9049-A02BE38BAB51}.Debug|x86.Build.0 = Debug|iPhoneSimulator
		{AE95225E-1795-431B-9049-A02BE38BAB51}.Debug|x86.Deploy.0 = Debug|iPhoneSimulator
		{AE95225E-1795-431B-9049-A02BE38BAB51}.Release|Any CPU.ActiveCfg = Release|iPhoneSimulator
		{AE95225E-1795-431B-9049-A02BE38BAB51}.Release|Any CPU.Build.0 = Release|iPhoneSimulator
		{AE95225E-1795-431B-9049-A02BE38BAB51}.Release|Any CPU.Deploy.0 = Release|iPhoneSimulator
		{AE95225E-1795-431B-9049-A02BE38BAB51}.Release|ARM.ActiveCfg = Release|iPhoneSimulator
		{AE95225E-1795-431B-9049-A02BE38BAB51}.Release|ARM.Build.0 = Release|iPhoneSimulator
		{AE95225E-1795-431B-9049-A02BE38BAB51}.Release|ARM.Deploy.0 = Release|iPhoneSimulator
		{AE95225E-1795-431B-9049-A02BE38BAB51}.Release|iPhone.ActiveCfg = Release|iPhone
		{AE95225E-1795-431B-9049-A02BE38BAB51}.Release|iPhone.Build.0 = Release|iPhone
		{AE95225E-1795-431B-9049-A02BE38BAB51}.Release|iPhone.Deploy.0 = Release|iPhone
		{AE95225E-1795-431B-9049-A02BE38BAB51}.Release|iPhoneSimulator.ActiveCfg = Release|iPhoneSimulator
		{AE95225E-1795-431B-9049-A02BE38BAB51}.Release|iPhoneSimulator.Build.0 = Release|iPhoneSimulator
		{AE95225E-1795-431B-9049-A02BE38BAB51}.Release|iPhoneSimulator.Deploy.0 = Release|iPhoneSimulator
		{AE95225E-1795-431B-9049-A02BE38BAB51}.Release|x64.ActiveCfg = Release|iPhoneSimulator
		{AE95225E-1795-431B-9049-A02BE38BAB51}.Release|x64.Build.0 = Release|iPhoneSimulator
		{AE95225E-1795-431B-9049-A02BE38BAB51}.Release|x64.Deploy.0 = Release|iPhoneSimulator
		{AE95225E-1795-431B-9049-A02BE38BAB51}.Release|x86.ActiveCfg = Release|iPhoneSimulator
		{AE95225E-1795-431B-9049-A02BE38BAB51}.Release|x86.Build.0 = Release|iPhoneSimulator
		{AE95225E-1795-431B-9049-A02BE38BAB51}.Release|x86.Deploy.0 = Release|iPhoneSimulator
		{0787BE53-C71D-40BC-BCE3-F4DBCB2D17EC}.Debug|Any CPU.ActiveCfg = Debug|Any CPU
		{0787BE53-C71D-40BC-BCE3-F4DBCB2D17EC}.Debug|Any CPU.Build.0 = Debug|Any CPU
		{0787BE53-C71D-40BC-BCE3-F4DBCB2D17EC}.Debug|Any CPU.Deploy.0 = Debug|Any CPU
		{0787BE53-C71D-40BC-BCE3-F4DBCB2D17EC}.Debug|ARM.ActiveCfg = Debug|Any CPU
		{0787BE53-C71D-40BC-BCE3-F4DBCB2D17EC}.Debug|ARM.Build.0 = Debug|Any CPU
		{0787BE53-C71D-40BC-BCE3-F4DBCB2D17EC}.Debug|ARM.Deploy.0 = Debug|Any CPU
		{0787BE53-C71D-40BC-BCE3-F4DBCB2D17EC}.Debug|iPhone.ActiveCfg = Debug|Any CPU
		{0787BE53-C71D-40BC-BCE3-F4DBCB2D17EC}.Debug|iPhone.Build.0 = Debug|Any CPU
		{0787BE53-C71D-40BC-BCE3-F4DBCB2D17EC}.Debug|iPhone.Deploy.0 = Debug|Any CPU
		{0787BE53-C71D-40BC-BCE3-F4DBCB2D17EC}.Debug|iPhoneSimulator.ActiveCfg = Debug|Any CPU
		{0787BE53-C71D-40BC-BCE3-F4DBCB2D17EC}.Debug|iPhoneSimulator.Build.0 = Debug|Any CPU
		{0787BE53-C71D-40BC-BCE3-F4DBCB2D17EC}.Debug|iPhoneSimulator.Deploy.0 = Debug|Any CPU
		{0787BE53-C71D-40BC-BCE3-F4DBCB2D17EC}.Debug|x64.ActiveCfg = Debug|Any CPU
		{0787BE53-C71D-40BC-BCE3-F4DBCB2D17EC}.Debug|x64.Build.0 = Debug|Any CPU
		{0787BE53-C71D-40BC-BCE3-F4DBCB2D17EC}.Debug|x64.Deploy.0 = Debug|Any CPU
		{0787BE53-C71D-40BC-BCE3-F4DBCB2D17EC}.Debug|x86.ActiveCfg = Debug|Any CPU
		{0787BE53-C71D-40BC-BCE3-F4DBCB2D17EC}.Debug|x86.Build.0 = Debug|Any CPU
		{0787BE53-C71D-40BC-BCE3-F4DBCB2D17EC}.Debug|x86.Deploy.0 = Debug|Any CPU
		{0787BE53-C71D-40BC-BCE3-F4DBCB2D17EC}.Release|Any CPU.ActiveCfg = Release|Any CPU
		{0787BE53-C71D-40BC-BCE3-F4DBCB2D17EC}.Release|Any CPU.Build.0 = Release|Any CPU
		{0787BE53-C71D-40BC-BCE3-F4DBCB2D17EC}.Release|Any CPU.Deploy.0 = Release|Any CPU
		{0787BE53-C71D-40BC-BCE3-F4DBCB2D17EC}.Release|ARM.ActiveCfg = Release|Any CPU
		{0787BE53-C71D-40BC-BCE3-F4DBCB2D17EC}.Release|ARM.Build.0 = Release|Any CPU
		{0787BE53-C71D-40BC-BCE3-F4DBCB2D17EC}.Release|ARM.Deploy.0 = Release|Any CPU
		{0787BE53-C71D-40BC-BCE3-F4DBCB2D17EC}.Release|iPhone.ActiveCfg = Release|Any CPU
		{0787BE53-C71D-40BC-BCE3-F4DBCB2D17EC}.Release|iPhone.Build.0 = Release|Any CPU
		{0787BE53-C71D-40BC-BCE3-F4DBCB2D17EC}.Release|iPhone.Deploy.0 = Release|Any CPU
		{0787BE53-C71D-40BC-BCE3-F4DBCB2D17EC}.Release|iPhoneSimulator.ActiveCfg = Release|Any CPU
		{0787BE53-C71D-40BC-BCE3-F4DBCB2D17EC}.Release|iPhoneSimulator.Build.0 = Release|Any CPU
		{0787BE53-C71D-40BC-BCE3-F4DBCB2D17EC}.Release|iPhoneSimulator.Deploy.0 = Release|Any CPU
		{0787BE53-C71D-40BC-BCE3-F4DBCB2D17EC}.Release|x64.ActiveCfg = Release|Any CPU
		{0787BE53-C71D-40BC-BCE3-F4DBCB2D17EC}.Release|x64.Build.0 = Release|Any CPU
		{0787BE53-C71D-40BC-BCE3-F4DBCB2D17EC}.Release|x64.Deploy.0 = Release|Any CPU
		{0787BE53-C71D-40BC-BCE3-F4DBCB2D17EC}.Release|x86.ActiveCfg = Release|Any CPU
		{0787BE53-C71D-40BC-BCE3-F4DBCB2D17EC}.Release|x86.Build.0 = Release|Any CPU
		{0787BE53-C71D-40BC-BCE3-F4DBCB2D17EC}.Release|x86.Deploy.0 = Release|Any CPU
		{58FEC4A1-8013-4EB3-9297-C7C3B1879921}.Debug|Any CPU.ActiveCfg = Debug|Any CPU
		{58FEC4A1-8013-4EB3-9297-C7C3B1879921}.Debug|Any CPU.Build.0 = Debug|Any CPU
		{58FEC4A1-8013-4EB3-9297-C7C3B1879921}.Debug|ARM.ActiveCfg = Debug|Any CPU
		{58FEC4A1-8013-4EB3-9297-C7C3B1879921}.Debug|ARM.Build.0 = Debug|Any CPU
		{58FEC4A1-8013-4EB3-9297-C7C3B1879921}.Debug|iPhone.ActiveCfg = Debug|Any CPU
		{58FEC4A1-8013-4EB3-9297-C7C3B1879921}.Debug|iPhone.Build.0 = Debug|Any CPU
		{58FEC4A1-8013-4EB3-9297-C7C3B1879921}.Debug|iPhoneSimulator.ActiveCfg = Debug|Any CPU
		{58FEC4A1-8013-4EB3-9297-C7C3B1879921}.Debug|iPhoneSimulator.Build.0 = Debug|Any CPU
		{58FEC4A1-8013-4EB3-9297-C7C3B1879921}.Debug|x64.ActiveCfg = Debug|Any CPU
		{58FEC4A1-8013-4EB3-9297-C7C3B1879921}.Debug|x64.Build.0 = Debug|Any CPU
		{58FEC4A1-8013-4EB3-9297-C7C3B1879921}.Debug|x86.ActiveCfg = Debug|Any CPU
		{58FEC4A1-8013-4EB3-9297-C7C3B1879921}.Debug|x86.Build.0 = Debug|Any CPU
		{58FEC4A1-8013-4EB3-9297-C7C3B1879921}.Release|Any CPU.ActiveCfg = Release|Any CPU
		{58FEC4A1-8013-4EB3-9297-C7C3B1879921}.Release|Any CPU.Build.0 = Release|Any CPU
		{58FEC4A1-8013-4EB3-9297-C7C3B1879921}.Release|ARM.ActiveCfg = Release|Any CPU
		{58FEC4A1-8013-4EB3-9297-C7C3B1879921}.Release|ARM.Build.0 = Release|Any CPU
		{58FEC4A1-8013-4EB3-9297-C7C3B1879921}.Release|iPhone.ActiveCfg = Release|Any CPU
		{58FEC4A1-8013-4EB3-9297-C7C3B1879921}.Release|iPhone.Build.0 = Release|Any CPU
		{58FEC4A1-8013-4EB3-9297-C7C3B1879921}.Release|iPhoneSimulator.ActiveCfg = Release|Any CPU
		{58FEC4A1-8013-4EB3-9297-C7C3B1879921}.Release|iPhoneSimulator.Build.0 = Release|Any CPU
		{58FEC4A1-8013-4EB3-9297-C7C3B1879921}.Release|x64.ActiveCfg = Release|Any CPU
		{58FEC4A1-8013-4EB3-9297-C7C3B1879921}.Release|x64.Build.0 = Release|Any CPU
		{58FEC4A1-8013-4EB3-9297-C7C3B1879921}.Release|x86.ActiveCfg = Release|Any CPU
		{58FEC4A1-8013-4EB3-9297-C7C3B1879921}.Release|x86.Build.0 = Release|Any CPU
		{E06D87C7-26BA-45EB-A50F-F07D1D5A8D3F}.Debug|Any CPU.ActiveCfg = Debug|Any CPU
		{E06D87C7-26BA-45EB-A50F-F07D1D5A8D3F}.Debug|Any CPU.Build.0 = Debug|Any CPU
		{E06D87C7-26BA-45EB-A50F-F07D1D5A8D3F}.Debug|ARM.ActiveCfg = Debug|Any CPU
		{E06D87C7-26BA-45EB-A50F-F07D1D5A8D3F}.Debug|ARM.Build.0 = Debug|Any CPU
		{E06D87C7-26BA-45EB-A50F-F07D1D5A8D3F}.Debug|iPhone.ActiveCfg = Debug|Any CPU
		{E06D87C7-26BA-45EB-A50F-F07D1D5A8D3F}.Debug|iPhone.Build.0 = Debug|Any CPU
		{E06D87C7-26BA-45EB-A50F-F07D1D5A8D3F}.Debug|iPhoneSimulator.ActiveCfg = Debug|Any CPU
		{E06D87C7-26BA-45EB-A50F-F07D1D5A8D3F}.Debug|iPhoneSimulator.Build.0 = Debug|Any CPU
		{E06D87C7-26BA-45EB-A50F-F07D1D5A8D3F}.Debug|x64.ActiveCfg = Debug|Any CPU
		{E06D87C7-26BA-45EB-A50F-F07D1D5A8D3F}.Debug|x64.Build.0 = Debug|Any CPU
		{E06D87C7-26BA-45EB-A50F-F07D1D5A8D3F}.Debug|x86.ActiveCfg = Debug|Any CPU
		{E06D87C7-26BA-45EB-A50F-F07D1D5A8D3F}.Debug|x86.Build.0 = Debug|Any CPU
		{E06D87C7-26BA-45EB-A50F-F07D1D5A8D3F}.Release|Any CPU.ActiveCfg = Release|Any CPU
		{E06D87C7-26BA-45EB-A50F-F07D1D5A8D3F}.Release|Any CPU.Build.0 = Release|Any CPU
		{E06D87C7-26BA-45EB-A50F-F07D1D5A8D3F}.Release|ARM.ActiveCfg = Release|Any CPU
		{E06D87C7-26BA-45EB-A50F-F07D1D5A8D3F}.Release|ARM.Build.0 = Release|Any CPU
		{E06D87C7-26BA-45EB-A50F-F07D1D5A8D3F}.Release|iPhone.ActiveCfg = Release|Any CPU
		{E06D87C7-26BA-45EB-A50F-F07D1D5A8D3F}.Release|iPhone.Build.0 = Release|Any CPU
		{E06D87C7-26BA-45EB-A50F-F07D1D5A8D3F}.Release|iPhoneSimulator.ActiveCfg = Release|Any CPU
		{E06D87C7-26BA-45EB-A50F-F07D1D5A8D3F}.Release|iPhoneSimulator.Build.0 = Release|Any CPU
		{E06D87C7-26BA-45EB-A50F-F07D1D5A8D3F}.Release|x64.ActiveCfg = Release|Any CPU
		{E06D87C7-26BA-45EB-A50F-F07D1D5A8D3F}.Release|x64.Build.0 = Release|Any CPU
		{E06D87C7-26BA-45EB-A50F-F07D1D5A8D3F}.Release|x86.ActiveCfg = Release|Any CPU
		{E06D87C7-26BA-45EB-A50F-F07D1D5A8D3F}.Release|x86.Build.0 = Release|Any CPU
	EndGlobalSection
	GlobalSection(SolutionProperties) = preSolution
		HideSolutionNode = FALSE
	EndGlobalSection
	GlobalSection(ExtensibilityGlobals) = postSolution
		SolutionGuid = {33E4CD8D-9CC4-40FA-8664-8978CAA70A02}
	EndGlobalSection
EndGlobal
